
Microsoft Visual Studio Solution File, Format Version 12.00
# Visual Studio Version 16
VisualStudioVersion = 16.0.29020.237
MinimumVisualStudioVersion = 10.0.40219.1
Project("{FAE04EC0-301F-11D3-BF4B-00C04F79EFBC}") = "GdprAirlineSite", "GdprAirlineSite\GdprAirlineSite.csproj", "{07CDAA2F-C31A-416E-9CD2-9CB1B1ECF8E9}"
EndProject
Global
	GlobalSection(SolutionConfigurationPlatforms) = preSolution
		Debug|Any CPU = Debug|Any CPU
		Release|Any CPU = Release|Any CPU
	EndGlobalSection
	GlobalSection(ProjectConfigurationPlatforms) = postSolution
		{07CDAA2F-C31A-416E-9CD2-9CB1B1ECF8E9}.Debug|Any CPU.ActiveCfg = Debug|Any CPU
		{07CDAA2F-C31A-416E-9CD2-9CB1B1ECF8E9}.Debug|Any CPU.Build.0 = Debug|Any CPU
		{07CDAA2F-C31A-416E-9CD2-9CB1B1ECF8E9}.Release|Any CPU.ActiveCfg = Release|Any CPU
		{07CDAA2F-C31A-416E-9CD2-9CB1B1ECF8E9}.Release|Any CPU.Build.0 = Release|Any CPU
	EndGlobalSection
	GlobalSection(SolutionProperties) = preSolution
		HideSolutionNode = FALSE
	EndGlobalSection
	GlobalSection(ExtensibilityGlobals) = postSolution
		SolutionGuid = {E03AB8D2-6971-4F78-B813-99872A419D52}
	EndGlobalSection
EndGlobal
